
Microsoft Visual Studio Solution File, Format Version 12.00
# Visual Studio Version 17
VisualStudioVersion = 17.2.32526.322
MinimumVisualStudioVersion = 10.0.40219.1
Project("{FAE04EC0-301F-11D3-BF4B-00C04F79EFBC}") = "LoggingLibrary", "Library\LoggingLibrary.csproj", "{B0A12395-D21F-4C1F-83EA-E2223D90156F}"
EndProject
Project("{FAE04EC0-301F-11D3-BF4B-00C04F79EFBC}") = "librarytest", "librarytest\librarytest.csproj", "{CE043094-058E-4F35-9279-EFC6769BAF38}"
EndProject
Global
	GlobalSection(SolutionConfigurationPlatforms) = preSolution
		Debug|Any CPU = Debug|Any CPU
		Release|Any CPU = Release|Any CPU
	EndGlobalSection
	GlobalSection(ProjectConfigurationPlatforms) = postSolution
		{B0A12395-D21F-4C1F-83EA-E2223D90156F}.Debug|Any CPU.ActiveCfg = Debug|Any CPU
		{B0A12395-D21F-4C1F-83EA-E2223D90156F}.Debug|Any CPU.Build.0 = Debug|Any CPU
		{B0A12395-D21F-4C1F-83EA-E2223D90156F}.Release|Any CPU.ActiveCfg = Release|Any CPU
		{B0A12395-D21F-4C1F-83EA-E2223D90156F}.Release|Any CPU.Build.0 = Release|Any CPU
		{CE043094-058E-4F35-9279-EFC6769BAF38}.Debug|Any CPU.ActiveCfg = Debug|Any CPU
		{CE043094-058E-4F35-9279-EFC6769BAF38}.Debug|Any CPU.Build.0 = Debug|Any CPU
		{CE043094-058E-4F35-9279-EFC6769BAF38}.Release|Any CPU.ActiveCfg = Release|Any CPU
		{CE043094-058E-4F35-9279-EFC6769BAF38}.Release|Any CPU.Build.0 = Release|Any CPU
	EndGlobalSection
	GlobalSection(SolutionProperties) = preSolution
		HideSolutionNode = FALSE
	EndGlobalSection
	GlobalSection(ExtensibilityGlobals) = postSolution
		SolutionGuid = {E46845C8-E9A7-4568-BF13-9535DD0BE199}
	EndGlobalSection
EndGlobal
